
Microsoft Visual Studio Solution File, Format Version 12.00
# Visual Studio Version 17
VisualStudioVersion = 17.3.32901.215
MinimumVisualStudioVersion = 10.0.40219.1
Project("{2150E333-8FDC-42A3-9474-1A3956D46DE8}") = "src", "src", "{B38DB81B-99D6-469E-945C-47E6B1B15F07}"
EndProject
Project("{2150E333-8FDC-42A3-9474-1A3956D46DE8}") = "Solution Items", "Solution Items", "{86507B5D-AA75-428F-9807-79E4A01B2775}"
	ProjectSection(SolutionItems) = preProject
		ServiceUrls.txt = ServiceUrls.txt
	EndProjectSection
EndProject
Project("{2150E333-8FDC-42A3-9474-1A3956D46DE8}") = "ApiGateways", "ApiGateways", "{6BB71956-4EED-4649-B8F7-44A78403422A}"
EndProject
Project("{2150E333-8FDC-42A3-9474-1A3956D46DE8}") = "BuildingBlocks", "BuildingBlocks", "{F8809536-2855-46C0-8CF2-B28941C76D26}"
EndProject
Project("{2150E333-8FDC-42A3-9474-1A3956D46DE8}") = "Services", "Services", "{2E234466-7E88-4E7F-878B-5A0403C90152}"
EndProject
Project("{2150E333-8FDC-42A3-9474-1A3956D46DE8}") = "Clients", "Clients", "{2676A493-CC38-493A-8549-192022957648}"
EndProject
Project("{2150E333-8FDC-42A3-9474-1A3956D46DE8}") = "WebApiGateway", "WebApiGateway", "{95BCC63D-3945-4775-AAA1-69567EC15A54}"
EndProject
Project("{FAE04EC0-301F-11D3-BF4B-00C04F79EFBC}") = "Web.ApiGateway", "src\ApiGateways\WebApiGateway\Web.ApiGateway\Web.ApiGateway.csproj", "{21FBE2CC-6669-430E-B07F-6B772CF3C597}"
EndProject
Project("{2150E333-8FDC-42A3-9474-1A3956D46DE8}") = "EventBus", "EventBus", "{F23A4110-CCDF-4347-842B-61988B2D71DB}"
EndProject
Project("{FAE04EC0-301F-11D3-BF4B-00C04F79EFBC}") = "EventBus.Base", "src\BuildingBlocks\EventBus\EventBus.Base\EventBus.Base.csproj", "{4DC9412D-DCF4-4E4B-9EB3-B55EEFCBE75B}"
EndProject
Project("{FAE04EC0-301F-11D3-BF4B-00C04F79EFBC}") = "EventBus.Factory", "src\BuildingBlocks\EventBus\EventBus.Factory\EventBus.Factory.csproj", "{87747E76-E02B-4D6F-BAAA-8879997547DA}"
EndProject
Project("{FAE04EC0-301F-11D3-BF4B-00C04F79EFBC}") = "EventBus.AzureServiceBus", "src\BuildingBlocks\EventBus\EventBus.AzureServiceBus\EventBus.AzureServiceBus.csproj", "{22ECCF89-1413-460C-8FC0-D86D3BC7B5E9}"
EndProject
Project("{FAE04EC0-301F-11D3-BF4B-00C04F79EFBC}") = "EventBus.RabbitMQ", "src\BuildingBlocks\EventBus\EventBus.RabbitMQ\EventBus.RabbitMQ.csproj", "{12FC8BD6-B57F-42BC-9072-96A2A68583D5}"
EndProject
Project("{2150E333-8FDC-42A3-9474-1A3956D46DE8}") = "BlazorWebApp", "BlazorWebApp", "{8FC890EF-98B6-4050-89B1-6EC19A5C1072}"
EndProject
Project("{FAE04EC0-301F-11D3-BF4B-00C04F79EFBC}") = "WebApp", "src\Clients\BlazorWebApp\WebApp\WebApp.csproj", "{F16AC126-3926-453B-B23B-F1AE75E075B7}"
EndProject
Project("{2150E333-8FDC-42A3-9474-1A3956D46DE8}") = "BasketService", "BasketService", "{1E99C7C9-89C9-484D-AE85-2CA11BE61C20}"
EndProject
Project("{FAE04EC0-301F-11D3-BF4B-00C04F79EFBC}") = "BasketServiceApi", "src\Services\BasketService\BasketServiceApi\BasketServiceApi.csproj", "{01A163DC-AAA9-46E1-9758-D2D9AE135F48}"
EndProject
Project("{2150E333-8FDC-42A3-9474-1A3956D46DE8}") = "CatalogService", "CatalogService", "{8379DD60-CDC0-449E-A204-17035FA3A222}"
EndProject
Project("{FAE04EC0-301F-11D3-BF4B-00C04F79EFBC}") = "CatalogService.Api", "src\Services\CatalogService\CatalogService.Api\CatalogService.Api.csproj", "{02A608D5-9361-461C-9A5C-A72A2195DC17}"
EndProject
Project("{2150E333-8FDC-42A3-9474-1A3956D46DE8}") = "IdentityService", "IdentityService", "{86D2969F-FAF9-424A-9B3A-4522F8CF7EED}"
EndProject
Project("{FAE04EC0-301F-11D3-BF4B-00C04F79EFBC}") = "IdentityService.Api", "src\Services\IdentityService\IdentityService.Api\IdentityService.Api.csproj", "{A989509A-BEA7-46C7-8077-47A712E111F0}"
EndProject
Project("{2150E333-8FDC-42A3-9474-1A3956D46DE8}") = "NotificationService", "NotificationService", "{92BEF44E-E58B-4AB9-B1D4-E051125AE85F}"
EndProject
Project("{FAE04EC0-301F-11D3-BF4B-00C04F79EFBC}") = "NotificationService", "src\Services\NotificationService\NotificationService\NotificationService.csproj", "{ECF997FE-1743-4065-A3C9-3FE922415EB7}"
EndProject
Project("{2150E333-8FDC-42A3-9474-1A3956D46DE8}") = "OrderService", "OrderService", "{599CD810-BA19-41CB-8D91-23F7BDBDC13E}"
EndProject
Project("{FAE04EC0-301F-11D3-BF4B-00C04F79EFBC}") = "OrderService.Domain", "src\Services\OrderService\OrderService.Domain\OrderService.Domain.csproj", "{D0A2BA15-C4E4-4F5D-8517-173F92A1CB22}"
EndProject
Project("{FAE04EC0-301F-11D3-BF4B-00C04F79EFBC}") = "OrderService.Application", "src\Services\OrderService\OrderService.Application\OrderService.Application.csproj", "{EF2643EE-8F23-42D4-9D0B-44B2ECE492B4}"
EndProject
Project("{FAE04EC0-301F-11D3-BF4B-00C04F79EFBC}") = "OrderService.Infrastructure", "src\Services\OrderService\OrderService.Infrastructure\OrderService.Infrastructure.csproj", "{30DDB625-5C34-4E74-9E27-8C0B72323024}"
EndProject
Project("{FAE04EC0-301F-11D3-BF4B-00C04F79EFBC}") = "OrderService.Api", "src\Services\OrderService\OrderService.Api\OrderService.Api.csproj", "{6DE50460-0D17-4D78-A1BF-92724C432011}"
EndProject
Project("{2150E333-8FDC-42A3-9474-1A3956D46DE8}") = "PaymentService", "PaymentService", "{B8E0E992-FA94-4CD2-B98B-7EFC2437C99C}"
EndProject
Project("{FAE04EC0-301F-11D3-BF4B-00C04F79EFBC}") = "PaymentService.Api", "src\Services\PaymentService\PaymentService.Api\PaymentService.Api.csproj", "{D959CDA7-AACF-4E7E-93A6-EF30605A1033}"
EndProject
Global
	GlobalSection(SolutionConfigurationPlatforms) = preSolution
		Debug|Any CPU = Debug|Any CPU
		Release|Any CPU = Release|Any CPU
	EndGlobalSection
	GlobalSection(ProjectConfigurationPlatforms) = postSolution
		{21FBE2CC-6669-430E-B07F-6B772CF3C597}.Debug|Any CPU.ActiveCfg = Debug|Any CPU
		{21FBE2CC-6669-430E-B07F-6B772CF3C597}.Debug|Any CPU.Build.0 = Debug|Any CPU
		{21FBE2CC-6669-430E-B07F-6B772CF3C597}.Release|Any CPU.ActiveCfg = Release|Any CPU
		{21FBE2CC-6669-430E-B07F-6B772CF3C597}.Release|Any CPU.Build.0 = Release|Any CPU
		{4DC9412D-DCF4-4E4B-9EB3-B55EEFCBE75B}.Debug|Any CPU.ActiveCfg = Debug|Any CPU
		{4DC9412D-DCF4-4E4B-9EB3-B55EEFCBE75B}.Debug|Any CPU.Build.0 = Debug|Any CPU
		{4DC9412D-DCF4-4E4B-9EB3-B55EEFCBE75B}.Release|Any CPU.ActiveCfg = Release|Any CPU
		{4DC9412D-DCF4-4E4B-9EB3-B55EEFCBE75B}.Release|Any CPU.Build.0 = Release|Any CPU
		{87747E76-E02B-4D6F-BAAA-8879997547DA}.Debug|Any CPU.ActiveCfg = Debug|Any CPU
		{87747E76-E02B-4D6F-BAAA-8879997547DA}.Debug|Any CPU.Build.0 = Debug|Any CPU
		{87747E76-E02B-4D6F-BAAA-8879997547DA}.Release|Any CPU.ActiveCfg = Release|Any CPU
		{87747E76-E02B-4D6F-BAAA-8879997547DA}.Release|Any CPU.Build.0 = Release|Any CPU
		{22ECCF89-1413-460C-8FC0-D86D3BC7B5E9}.Debug|Any CPU.ActiveCfg = Debug|Any CPU
		{22ECCF89-1413-460C-8FC0-D86D3BC7B5E9}.Debug|Any CPU.Build.0 = Debug|Any CPU
		{22ECCF89-1413-460C-8FC0-D86D3BC7B5E9}.Release|Any CPU.ActiveCfg = Release|Any CPU
		{22ECCF89-1413-460C-8FC0-D86D3BC7B5E9}.Release|Any CPU.Build.0 = Release|Any CPU
		{12FC8BD6-B57F-42BC-9072-96A2A68583D5}.Debug|Any CPU.ActiveCfg = Debug|Any CPU
		{12FC8BD6-B57F-42BC-9072-96A2A68583D5}.Debug|Any CPU.Build.0 = Debug|Any CPU
		{12FC8BD6-B57F-42BC-9072-96A2A68583D5}.Release|Any CPU.ActiveCfg = Release|Any CPU
		{12FC8BD6-B57F-42BC-9072-96A2A68583D5}.Release|Any CPU.Build.0 = Release|Any CPU
		{F16AC126-3926-453B-B23B-F1AE75E075B7}.Debug|Any CPU.ActiveCfg = Debug|Any CPU
		{F16AC126-3926-453B-B23B-F1AE75E075B7}.Debug|Any CPU.Build.0 = Debug|Any CPU
		{F16AC126-3926-453B-B23B-F1AE75E075B7}.Release|Any CPU.ActiveCfg = Release|Any CPU
		{F16AC126-3926-453B-B23B-F1AE75E075B7}.Release|Any CPU.Build.0 = Release|Any CPU
		{01A163DC-AAA9-46E1-9758-D2D9AE135F48}.Debug|Any CPU.ActiveCfg = Debug|Any CPU
		{01A163DC-AAA9-46E1-9758-D2D9AE135F48}.Debug|Any CPU.Build.0 = Debug|Any CPU
		{01A163DC-AAA9-46E1-9758-D2D9AE135F48}.Release|Any CPU.ActiveCfg = Release|Any CPU
		{01A163DC-AAA9-46E1-9758-D2D9AE135F48}.Release|Any CPU.Build.0 = Release|Any CPU
		{02A608D5-9361-461C-9A5C-A72A2195DC17}.Debug|Any CPU.ActiveCfg = Debug|Any CPU
		{02A608D5-9361-461C-9A5C-A72A2195DC17}.Debug|Any CPU.Build.0 = Debug|Any CPU
		{02A608D5-9361-461C-9A5C-A72A2195DC17}.Release|Any CPU.ActiveCfg = Release|Any CPU
		{02A608D5-9361-461C-9A5C-A72A2195DC17}.Release|Any CPU.Build.0 = Release|Any CPU
		{A989509A-BEA7-46C7-8077-47A712E111F0}.Debug|Any CPU.ActiveCfg = Debug|Any CPU
		{A989509A-BEA7-46C7-8077-47A712E111F0}.Debug|Any CPU.Build.0 = Debug|Any CPU
		{A989509A-BEA7-46C7-8077-47A712E111F0}.Release|Any CPU.ActiveCfg = Release|Any CPU
		{A989509A-BEA7-46C7-8077-47A712E111F0}.Release|Any CPU.Build.0 = Release|Any CPU
		{ECF997FE-1743-4065-A3C9-3FE922415EB7}.Debug|Any CPU.ActiveCfg = Debug|Any CPU
		{ECF997FE-1743-4065-A3C9-3FE922415EB7}.Debug|Any CPU.Build.0 = Debug|Any CPU
		{ECF997FE-1743-4065-A3C9-3FE922415EB7}.Release|Any CPU.ActiveCfg = Release|Any CPU
		{ECF997FE-1743-4065-A3C9-3FE922415EB7}.Release|Any CPU.Build.0 = Release|Any CPU
		{D0A2BA15-C4E4-4F5D-8517-173F92A1CB22}.Debug|Any CPU.ActiveCfg = Debug|Any CPU
		{D0A2BA15-C4E4-4F5D-8517-173F92A1CB22}.Debug|Any CPU.Build.0 = Debug|Any CPU
		{D0A2BA15-C4E4-4F5D-8517-173F92A1CB22}.Release|Any CPU.ActiveCfg = Release|Any CPU
		{D0A2BA15-C4E4-4F5D-8517-173F92A1CB22}.Release|Any CPU.Build.0 = Release|Any CPU
		{EF2643EE-8F23-42D4-9D0B-44B2ECE492B4}.Debug|Any CPU.ActiveCfg = Debug|Any CPU
		{EF2643EE-8F23-42D4-9D0B-44B2ECE492B4}.Debug|Any CPU.Build.0 = Debug|Any CPU
		{EF2643EE-8F23-42D4-9D0B-44B2ECE492B4}.Release|Any CPU.ActiveCfg = Release|Any CPU
		{EF2643EE-8F23-42D4-9D0B-44B2ECE492B4}.Release|Any CPU.Build.0 = Release|Any CPU
		{30DDB625-5C34-4E74-9E27-8C0B72323024}.Debug|Any CPU.ActiveCfg = Debug|Any CPU
		{30DDB625-5C34-4E74-9E27-8C0B72323024}.Debug|Any CPU.Build.0 = Debug|Any CPU
		{30DDB625-5C34-4E74-9E27-8C0B72323024}.Release|Any CPU.ActiveCfg = Release|Any CPU
		{30DDB625-5C34-4E74-9E27-8C0B72323024}.Release|Any CPU.Build.0 = Release|Any CPU
		{6DE50460-0D17-4D78-A1BF-92724C432011}.Debug|Any CPU.ActiveCfg = Debug|Any CPU
		{6DE50460-0D17-4D78-A1BF-92724C432011}.Debug|Any CPU.Build.0 = Debug|Any CPU
		{6DE50460-0D17-4D78-A1BF-92724C432011}.Release|Any CPU.ActiveCfg = Release|Any CPU
		{6DE50460-0D17-4D78-A1BF-92724C432011}.Release|Any CPU.Build.0 = Release|Any CPU
		{D959CDA7-AACF-4E7E-93A6-EF30605A1033}.Debug|Any CPU.ActiveCfg = Debug|Any CPU
		{D959CDA7-AACF-4E7E-93A6-EF30605A1033}.Debug|Any CPU.Build.0 = Debug|Any CPU
		{D959CDA7-AACF-4E7E-93A6-EF30605A1033}.Release|Any CPU.ActiveCfg = Release|Any CPU
		{D959CDA7-AACF-4E7E-93A6-EF30605A1033}.Release|Any CPU.Build.0 = Release|Any CPU
	EndGlobalSection
	GlobalSection(SolutionProperties) = preSolution
		HideSolutionNode = FALSE
	EndGlobalSection
	GlobalSection(NestedProjects) = preSolution
		{6BB71956-4EED-4649-B8F7-44A78403422A} = {B38DB81B-99D6-469E-945C-47E6B1B15F07}
		{F8809536-2855-46C0-8CF2-B28941C76D26} = {B38DB81B-99D6-469E-945C-47E6B1B15F07}
		{2E234466-7E88-4E7F-878B-5A0403C90152} = {B38DB81B-99D6-469E-945C-47E6B1B15F07}
		{2676A493-CC38-493A-8549-192022957648} = {B38DB81B-99D6-469E-945C-47E6B1B15F07}
		{95BCC63D-3945-4775-AAA1-69567EC15A54} = {6BB71956-4EED-4649-B8F7-44A78403422A}
		{21FBE2CC-6669-430E-B07F-6B772CF3C597} = {95BCC63D-3945-4775-AAA1-69567EC15A54}
		{F23A4110-CCDF-4347-842B-61988B2D71DB} = {F8809536-2855-46C0-8CF2-B28941C76D26}
		{4DC9412D-DCF4-4E4B-9EB3-B55EEFCBE75B} = {F23A4110-CCDF-4347-842B-61988B2D71DB}
		{87747E76-E02B-4D6F-BAAA-8879997547DA} = {F23A4110-CCDF-4347-842B-61988B2D71DB}
		{22ECCF89-1413-460C-8FC0-D86D3BC7B5E9} = {F23A4110-CCDF-4347-842B-61988B2D71DB}
		{12FC8BD6-B57F-42BC-9072-96A2A68583D5} = {F23A4110-CCDF-4347-842B-61988B2D71DB}
		{8FC890EF-98B6-4050-89B1-6EC19A5C1072} = {2676A493-CC38-493A-8549-192022957648}
		{F16AC126-3926-453B-B23B-F1AE75E075B7} = {8FC890EF-98B6-4050-89B1-6EC19A5C1072}
		{1E99C7C9-89C9-484D-AE85-2CA11BE61C20} = {2E234466-7E88-4E7F-878B-5A0403C90152}
		{01A163DC-AAA9-46E1-9758-D2D9AE135F48} = {1E99C7C9-89C9-484D-AE85-2CA11BE61C20}
		{8379DD60-CDC0-449E-A204-17035FA3A222} = {2E234466-7E88-4E7F-878B-5A0403C90152}
		{02A608D5-9361-461C-9A5C-A72A2195DC17} = {8379DD60-CDC0-449E-A204-17035FA3A222}
		{86D2969F-FAF9-424A-9B3A-4522F8CF7EED} = {2E234466-7E88-4E7F-878B-5A0403C90152}
		{A989509A-BEA7-46C7-8077-47A712E111F0} = {86D2969F-FAF9-424A-9B3A-4522F8CF7EED}
		{92BEF44E-E58B-4AB9-B1D4-E051125AE85F} = {2E234466-7E88-4E7F-878B-5A0403C90152}
		{ECF997FE-1743-4065-A3C9-3FE922415EB7} = {92BEF44E-E58B-4AB9-B1D4-E051125AE85F}
		{599CD810-BA19-41CB-8D91-23F7BDBDC13E} = {2E234466-7E88-4E7F-878B-5A0403C90152}
		{D0A2BA15-C4E4-4F5D-8517-173F92A1CB22} = {599CD810-BA19-41CB-8D91-23F7BDBDC13E}
		{EF2643EE-8F23-42D4-9D0B-44B2ECE492B4} = {599CD810-BA19-41CB-8D91-23F7BDBDC13E}
		{30DDB625-5C34-4E74-9E27-8C0B72323024} = {599CD810-BA19-41CB-8D91-23F7BDBDC13E}
		{6DE50460-0D17-4D78-A1BF-92724C432011} = {599CD810-BA19-41CB-8D91-23F7BDBDC13E}
		{B8E0E992-FA94-4CD2-B98B-7EFC2437C99C} = {2E234466-7E88-4E7F-878B-5A0403C90152}
		{D959CDA7-AACF-4E7E-93A6-EF30605A1033} = {B8E0E992-FA94-4CD2-B98B-7EFC2437C99C}
	EndGlobalSection
	GlobalSection(ExtensibilityGlobals) = postSolution
		SolutionGuid = {B12B788F-6DA3-4639-A498-6A923BF5E939}
	EndGlobalSection
EndGlobal
